// !$*UTF8*$!
{
	archiveVersion = 1;
	classes = {
	};
	objectVersion = 46;
	objects = {

/* Begin PBXBuildFile section */
		2C1694F91D650FAA0005F8C9 /* AppDelegate.swift in Sources */ = {isa = PBXBuildFile; fileRef = 2C1694F81D650FAA0005F8C9 /* AppDelegate.swift */; };
		2C1694FB1D650FAA0005F8C9 /* ViewController.swift in Sources */ = {isa = PBXBuildFile; fileRef = 2C1694FA1D650FAA0005F8C9 /* ViewController.swift */; };
		2C1694FE1D650FAA0005F8C9 /* Main.storyboard in Resources */ = {isa = PBXBuildFile; fileRef = 2C1694FC1D650FAA0005F8C9 /* Main.storyboard */; };
		2C1695001D650FAA0005F8C9 /* Assets.xcassets in Resources */ = {isa = PBXBuildFile; fileRef = 2C1694FF1D650FAA0005F8C9 /* Assets.xcassets */; };
		2C1695031D650FAA0005F8C9 /* LaunchScreen.storyboard in Resources */ = {isa = PBXBuildFile; fileRef = 2C1695011D650FAA0005F8C9 /* LaunchScreen.storyboard */; };
		2C16950E1D650FAA0005F8C9 /* miniPizzaTests.swift in Sources */ = {isa = PBXBuildFile; fileRef = 2C16950D1D650FAA0005F8C9 /* miniPizzaTests.swift */; };
		2C1695191D650FAA0005F8C9 /* miniPizzaUITests.swift in Sources */ = {isa = PBXBuildFile; fileRef = 2C1695181D650FAA0005F8C9 /* miniPizzaUITests.swift */; };
		2C1695271D6515BF0005F8C9 /* MasaViewController.swift in Sources */ = {isa = PBXBuildFile; fileRef = 2C1695261D6515BF0005F8C9 /* MasaViewController.swift */; };
		2C1695291D6515E20005F8C9 /* QuesoViewController.swift in Sources */ = {isa = PBXBuildFile; fileRef = 2C1695281D6515E20005F8C9 /* QuesoViewController.swift */; };
		2C16952B1D6515F80005F8C9 /* IngredientesViewController.swift in Sources */ = {isa = PBXBuildFile; fileRef = 2C16952A1D6515F80005F8C9 /* IngredientesViewController.swift */; };
		2C16952D1D65160C0005F8C9 /* ResultadoViewController.swift in Sources */ = {isa = PBXBuildFile; fileRef = 2C16952C1D65160C0005F8C9 /* ResultadoViewController.swift */; };
/* End PBXBuildFile section */

/* Begin PBXContainerItemProxy section */
		2C16950A1D650FAA0005F8C9 /* PBXContainerItemProxy */ = {
			isa = PBXContainerItemProxy;
			containerPortal = 2C1694ED1D650FA90005F8C9 /* Project object */;
			proxyType = 1;
			remoteGlobalIDString = 2C1694F41D650FA90005F8C9;
			remoteInfo = miniPizza;
		};
		2C1695151D650FAA0005F8C9 /* PBXContainerItemProxy */ = {
			isa = PBXContainerItemProxy;
			containerPortal = 2C1694ED1D650FA90005F8C9 /* Project object */;
			proxyType = 1;
			remoteGlobalIDString = 2C1694F41D650FA90005F8C9;
			remoteInfo = miniPizza;
		};
/* End PBXContainerItemProxy section */

/* Begin PBXFileReference section */
		2C1694F51D650FA90005F8C9 /* miniPizza.app */ = {isa = PBXFileReference; explicitFileType = wrapper.application; includeInIndex = 0; path = miniPizza.app; sourceTree = BUILT_PRODUCTS_DIR; };
		2C1694F81D650FAA0005F8C9 /* AppDelegate.swift */ = {isa = PBXFileReference; lastKnownFileType = sourcecode.swift; path = AppDelegate.swift; sourceTree = "<group>"; };
		2C1694FA1D650FAA0005F8C9 /* ViewController.swift */ = {isa = PBXFileReference; lastKnownFileType = sourcecode.swift; path = ViewController.swift; sourceTree = "<group>"; };
		2C1694FD1D650FAA0005F8C9 /* Base */ = {isa = PBXFileReference; lastKnownFileType = file.storyboard; name = Base; path = Base.lproj/Main.storyboard; sourceTree = "<group>"; };
		2C1694FF1D650FAA0005F8C9 /* Assets.xcassets */ = {isa = PBXFileReference; lastKnownFileType = folder.assetcatalog; path = Assets.xcassets; sourceTree = "<group>"; };
		2C1695021D650FAA0005F8C9 /* Base */ = {isa = PBXFileReference; lastKnownFileType = file.storyboard; name = Base; path = Base.lproj/LaunchScreen.storyboard; sourceTree = "<group>"; };
		2C1695041D650FAA0005F8C9 /* Info.plist */ = {isa = PBXFileReference; lastKnownFileType = text.plist.xml; path = Info.plist; sourceTree = "<group>"; };
		2C1695091D650FAA0005F8C9 /* miniPizzaTests.xctest */ = {isa = PBXFileReference; explicitFileType = wrapper.cfbundle; includeInIndex = 0; path = miniPizzaTests.xctest; sourceTree = BUILT_PRODUCTS_DIR; };
		2C16950D1D650FAA0005F8C9 /* miniPizzaTests.swift */ = {isa = PBXFileReference; lastKnownFileType = sourcecode.swift; path = miniPizzaTests.swift; sourceTree = "<group>"; };
		2C16950F1D650FAA0005F8C9 /* Info.plist */ = {isa = PBXFileReference; lastKnownFileType = text.plist.xml; path = Info.plist; sourceTree = "<group>"; };
		2C1695141D650FAA0005F8C9 /* miniPizzaUITests.xctest */ = {isa = PBXFileReference; explicitFileType = wrapper.cfbundle; includeInIndex = 0; path = miniPizzaUITests.xctest; sourceTree = BUILT_PRODUCTS_DIR; };
		2C1695181D650FAA0005F8C9 /* miniPizzaUITests.swift */ = {isa = PBXFileReference; lastKnownFileType = sourcecode.swift; path = miniPizzaUITests.swift; sourceTree = "<group>"; };
		2C16951A1D650FAA0005F8C9 /* Info.plist */ = {isa = PBXFileReference; lastKnownFileType = text.plist.xml; path = Info.plist; sourceTree = "<group>"; };
		2C1695261D6515BF0005F8C9 /* MasaViewController.swift */ = {isa = PBXFileReference; fileEncoding = 4; lastKnownFileType = sourcecode.swift; path = MasaViewController.swift; sourceTree = "<group>"; };
		2C1695281D6515E20005F8C9 /* QuesoViewController.swift */ = {isa = PBXFileReference; fileEncoding = 4; lastKnownFileType = sourcecode.swift; path = QuesoViewController.swift; sourceTree = "<group>"; };
		2C16952A1D6515F80005F8C9 /* IngredientesViewController.swift */ = {isa = PBXFileReference; fileEncoding = 4; lastKnownFileType = sourcecode.swift; path = IngredientesViewController.swift; sourceTree = "<group>"; };
		2C16952C1D65160C0005F8C9 /* ResultadoViewController.swift */ = {isa = PBXFileReference; fileEncoding = 4; lastKnownFileType = sourcecode.swift; path = ResultadoViewController.swift; sourceTree = "<group>"; };
/* End PBXFileReference section */

/* Begin PBXFrameworksBuildPhase section */
		2C1694F21D650FA90005F8C9 /* Frameworks */ = {
			isa = PBXFrameworksBuildPhase;
			buildActionMask = 2147483647;
			files = (
			);
			runOnlyForDeploymentPostprocessing = 0;
		};
		2C1695061D650FAA0005F8C9 /* Frameworks */ = {
			isa = PBXFrameworksBuildPhase;
			buildActionMask = 2147483647;
			files = (
			);
			runOnlyForDeploymentPostprocessing = 0;
		};
		2C1695111D650FAA0005F8C9 /* Frameworks */ = {
			isa = PBXFrameworksBuildPhase;
			buildActionMask = 2147483647;
			files = (
			);
			runOnlyForDeploymentPostprocessing = 0;
		};
/* End PBXFrameworksBuildPhase section */

/* Begin PBXGroup section */
		2C1694EC1D650FA90005F8C9 = {
			isa = PBXGroup;
			children = (
				2C1694F71D650FAA0005F8C9 /* miniPizza */,
				2C16950C1D650FAA0005F8C9 /* miniPizzaTests */,
				2C1695171D650FAA0005F8C9 /* miniPizzaUITests */,
				2C1694F61D650FA90005F8C9 /* Products */,
			);
			sourceTree = "<group>";
		};
		2C1694F61D650FA90005F8C9 /* Products */ = {
			isa = PBXGroup;
			children = (
				2C1694F51D650FA90005F8C9 /* miniPizza.app */,
				2C1695091D650FAA0005F8C9 /* miniPizzaTests.xctest */,
				2C1695141D650FAA0005F8C9 /* miniPizzaUITests.xctest */,
			);
			name = Products;
			sourceTree = "<group>";
		};
		2C1694F71D650FAA0005F8C9 /* miniPizza */ = {
			isa = PBXGroup;
			children = (
				2C1694F81D650FAA0005F8C9 /* AppDelegate.swift */,
				2C1694FA1D650FAA0005F8C9 /* ViewController.swift */,
				2C1694FC1D650FAA0005F8C9 /* Main.storyboard */,
				2C1695261D6515BF0005F8C9 /* MasaViewController.swift */,
				2C1695281D6515E20005F8C9 /* QuesoViewController.swift */,
				2C16952A1D6515F80005F8C9 /* IngredientesViewController.swift */,
				2C16952C1D65160C0005F8C9 /* ResultadoViewController.swift */,
				2C1694FF1D650FAA0005F8C9 /* Assets.xcassets */,
				2C1695011D650FAA0005F8C9 /* LaunchScreen.storyboard */,
				2C1695041D650FAA0005F8C9 /* Info.plist */,
			);
			path = miniPizza;
			sourceTree = "<group>";
		};
		2C16950C1D650FAA0005F8C9 /* miniPizzaTests */ = {
			isa = PBXGroup;
			children = (
				2C16950D1D650FAA0005F8C9 /* miniPizzaTests.swift */,
				2C16950F1D650FAA0005F8C9 /* Info.plist */,
			);
			path = miniPizzaTests;
			sourceTree = "<group>";
		};
		2C1695171D650FAA0005F8C9 /* miniPizzaUITests */ = {
			isa = PBXGroup;
			children = (
				2C1695181D650FAA0005F8C9 /* miniPizzaUITests.swift */,
				2C16951A1D650FAA0005F8C9 /* Info.plist */,
			);
			path = miniPizzaUITests;
			sourceTree = "<group>";
		};
/* End PBXGroup section */

/* Begin PBXNativeTarget section */
		2C1694F41D650FA90005F8C9 /* miniPizza */ = {
			isa = PBXNativeTarget;
			buildConfigurationList = 2C16951D1D650FAA0005F8C9 /* Build configuration list for PBXNativeTarget "miniPizza" */;
			buildPhases = (
				2C1694F11D650FA90005F8C9 /* Sources */,
				2C1694F21D650FA90005F8C9 /* Frameworks */,
				2C1694F31D650FA90005F8C9 /* Resources */,
			);
			buildRules = (
			);
			dependencies = (
			);
			name = miniPizza;
			productName = miniPizza;
			productReference = 2C1694F51D650FA90005F8C9 /* miniPizza.app */;
			productType = "com.apple.product-type.application";
		};
		2C1695081D650FAA0005F8C9 /* miniPizzaTests */ = {
			isa = PBXNativeTarget;
			buildConfigurationList = 2C1695201D650FAA0005F8C9 /* Build configuration list for PBXNativeTarget "miniPizzaTests" */;
			buildPhases = (
				2C1695051D650FAA0005F8C9 /* Sources */,
				2C1695061D650FAA0005F8C9 /* Frameworks */,
				2C1695071D650FAA0005F8C9 /* Resources */,
			);
			buildRules = (
			);
			dependencies = (
				2C16950B1D650FAA0005F8C9 /* PBXTargetDependency */,
			);
			name = miniPizzaTests;
			productName = miniPizzaTests;
			productReference = 2C1695091D650FAA0005F8C9 /* miniPizzaTests.xctest */;
			productType = "com.apple.product-type.bundle.unit-test";
		};
		2C1695131D650FAA0005F8C9 /* miniPizzaUITests */ = {
			isa = PBXNativeTarget;
			buildConfigurationList = 2C1695231D650FAA0005F8C9 /* Build configuration list for PBXNativeTarget "miniPizzaUITests" */;
			buildPhases = (
				2C1695101D650FAA0005F8C9 /* Sources */,
				2C1695111D650FAA0005F8C9 /* Frameworks */,
				2C1695121D650FAA0005F8C9 /* Resources */,
			);
			buildRules = (
			);
			dependencies = (
				2C1695161D650FAA0005F8C9 /* PBXTargetDependency */,
			);
			name = miniPizzaUITests;
			productName = miniPizzaUITests;
			productReference = 2C1695141D650FAA0005F8C9 /* miniPizzaUITests.xctest */;
			productType = "com.apple.product-type.bundle.ui-testing";
		};
/* End PBXNativeTarget section */

/* Begin PBXProject section */
		2C1694ED1D650FA90005F8C9 /* Project object */ = {
			isa = PBXProject;
			attributes = {
				LastSwiftUpdateCheck = 0730;
				LastUpgradeCheck = 0730;
				ORGANIZATIONNAME = oscarzarco;
				TargetAttributes = {
					2C1694F41D650FA90005F8C9 = {
						CreatedOnToolsVersion = 7.3.1;
						DevelopmentTeam = X285TGPKHC;
					};
					2C1695081D650FAA0005F8C9 = {
						CreatedOnToolsVersion = 7.3.1;
						DevelopmentTeam = X285TGPKHC;
						TestTargetID = 2C1694F41D650FA90005F8C9;
					};
					2C1695131D650FAA0005F8C9 = {
						CreatedOnToolsVersion = 7.3.1;
						DevelopmentTeam = X285TGPKHC;
						TestTargetID = 2C1694F41D650FA90005F8C9;
					};
				};
			};
			buildConfigurationList = 2C1694F01D650FA90005F8C9 /* Build configuration list for PBXProject "miniPizza" */;
			compatibilityVersion = "Xcode 3.2";
			developmentRegion = English;
			hasScannedForEncodings = 0;
			knownRegions = (
				en,
				Base,
			);
			mainGroup = 2C1694EC1D650FA90005F8C9;
			productRefGroup = 2C1694F61D650FA90005F8C9 /* Products */;
			projectDirPath = "";
			projectRoot = "";
			targets = (
				2C1694F41D650FA90005F8C9 /* miniPizza */,
				2C1695081D650FAA0005F8C9 /* miniPizzaTests */,
				2C1695131D650FAA0005F8C9 /* miniPizzaUITests */,
			);
		};
/* End PBXProject section */

/* Begin PBXResourcesBuildPhase section */
		2C1694F31D650FA90005F8C9 /* Resources */ = {
			isa = PBXResourcesBuildPhase;
			buildActionMask = 2147483647;
			files = (
				2C1695031D650FAA0005F8C9 /* LaunchScreen.storyboard in Resources */,
				2C1695001D650FAA0005F8C9 /* Assets.xcassets in Resources */,
				2C1694FE1D650FAA0005F8C9 /* Main.storyboard in Resources */,
			);
			runOnlyForDeploymentPostprocessing = 0;
		};
		2C1695071D650FAA0005F8C9 /* Resources */ = {
			isa = PBXResourcesBuildPhase;
			buildActionMask = 2147483647;
			files = (
			);
			runOnlyForDeploymentPostprocessing = 0;
		};
		2C1695121D650FAA0005F8C9 /* Resources */ = {
			isa = PBXResourcesBuildPhase;
			buildActionMask = 2147483647;
			files = (
			);
			runOnlyForDeploymentPostprocessing = 0;
		};
/* End PBXResourcesBuildPhase section */

/* Begin PBXSourcesBuildPhase section */
		2C1694F11D650FA90005F8C9 /* Sources */ = {
			isa = PBXSourcesBuildPhase;
			buildActionMask = 2147483647;
			files = (
				2C16952D1D65160C0005F8C9 /* ResultadoViewController.swift in Sources */,
				2C1695291D6515E20005F8C9 /* QuesoViewController.swift in Sources */,
				2C1695271D6515BF0005F8C9 /* MasaViewController.swift in Sources */,
				2C16952B1D6515F80005F8C9 /* IngredientesViewController.swift in Sources */,
				2C1694FB1D650FAA0005F8C9 /* ViewController.swift in Sources */,
				2C1694F91D650FAA0005F8C9 /* AppDelegate.swift in Sources */,
			);
			runOnlyForDeploymentPostprocessing = 0;
		};
		2C1695051D650FAA0005F8C9 /* Sources */ = {
			isa = PBXSourcesBuildPhase;
			buildActionMask = 2147483647;
			files = (
				2C16950E1D650FAA0005F8C9 /* miniPizzaTests.swift in Sources */,
			);
			runOnlyForDeploymentPostprocessing = 0;
		};
		2C1695101D650FAA0005F8C9 /* Sources */ = {
			isa = PBXSourcesBuildPhase;
			buildActionMask = 2147483647;
			files = (
				2C1695191D650FAA0005F8C9 /* miniPizzaUITests.swift in Sources */,
			);
			runOnlyForDeploymentPostprocessing = 0;
		};
/* End PBXSourcesBuildPhase section */

/* Begin PBXTargetDependency section */
		2C16950B1D650FAA0005F8C9 /* PBXTargetDependency */ = {
			isa = PBXTargetDependency;
			target = 2C1694F41D650FA90005F8C9 /* miniPizza */;
			targetProxy = 2C16950A1D650FAA0005F8C9 /* PBXContainerItemProxy */;
		};
		2C1695161D650FAA0005F8C9 /* PBXTargetDependency */ = {
			isa = PBXTargetDependency;
			target = 2C1694F41D650FA90005F8C9 /* miniPizza */;
			targetProxy = 2C1695151D650FAA0005F8C9 /* PBXContainerItemProxy */;
		};
/* End PBXTargetDependency section */

/* Begin PBXVariantGroup section */
		2C1694FC1D650FAA0005F8C9 /* Main.storyboard */ = {
			isa = PBXVariantGroup;
			children = (
				2C1694FD1D650FAA0005F8C9 /* Base */,
			);
			name = Main.storyboard;
			sourceTree = "<group>";
		};
		2C1695011D650FAA0005F8C9 /* LaunchScreen.storyboard */ = {
			isa = PBXVariantGroup;
			children = (
				2C1695021D650FAA0005F8C9 /* Base */,
			);
			name = LaunchScreen.storyboard;
			sourceTree = "<group>";
		};
/* End PBXVariantGroup section */

/* Begin XCBuildConfiguration section */
		2C16951B1D650FAA0005F8C9 /* Debug */ = {
			isa = XCBuildConfiguration;
			buildSettings = {
				ALWAYS_SEARCH_USER_PATHS = NO;
				CLANG_ANALYZER_NONNULL = YES;
				CLANG_CXX_LANGUAGE_STANDARD = "gnu++0x";
				CLANG_CXX_LIBRARY = "libc++";
				CLANG_ENABLE_MODULES = YES;
				CLANG_ENABLE_OBJC_ARC = YES;
				CLANG_WARN_BOOL_CONVERSION = YES;
				CLANG_WARN_CONSTANT_CONVERSION = YES;
				CLANG_WARN_DIRECT_OBJC_ISA_USAGE = YES_ERROR;
				CLANG_WARN_EMPTY_BODY = YES;
				CLANG_WARN_ENUM_CONVERSION = YES;
				CLANG_WARN_INT_CONVERSION = YES;
				CLANG_WARN_OBJC_ROOT_CLASS = YES_ERROR;
				CLANG_WARN_UNREACHABLE_CODE = YES;
				CLANG_WARN__DUPLICATE_METHOD_MATCH = YES;
				"CODE_SIGN_IDENTITY[sdk=iphoneos*]" = "iPhone Developer";
				COPY_PHASE_STRIP = NO;
				DEBUG_INFORMATION_FORMAT = dwarf;
				ENABLE_STRICT_OBJC_MSGSEND = YES;
				ENABLE_TESTABILITY = YES;
				GCC_C_LANGUAGE_STANDARD = gnu99;
				GCC_DYNAMIC_NO_PIC = NO;
				GCC_NO_COMMON_BLOCKS = YES;
				GCC_OPTIMIZATION_LEVEL = 0;
				GCC_PREPROCESSOR_DEFINITIONS = (
					"DEBUG=1",
					"$(inherited)",
				);
				GCC_WARN_64_TO_32_BIT_CONVERSION = YES;
				GCC_WARN_ABOUT_RETURN_TYPE = YES_ERROR;
				GCC_WARN_UNDECLARED_SELECTOR = YES;
				GCC_WARN_UNINITIALIZED_AUTOS = YES_AGGRESSIVE;
				GCC_WARN_UNUSED_FUNCTION = YES;
				GCC_WARN_UNUSED_VARIABLE = YES;
				IPHONEOS_DEPLOYMENT_TARGET = 9.3;
				MTL_ENABLE_DEBUG_INFO = YES;
				ONLY_ACTIVE_ARCH = YES;
				SDKROOT = iphoneos;
				SWIFT_OPTIMIZATION_LEVEL = "-Onone";
			};
			name = Debug;
		};
		2C16951C1D650FAA0005F8C9 /* Release */ = {
			isa = XCBuildConfiguration;
			buildSettings = {
				ALWAYS_SEARCH_USER_PATHS = NO;
				CLANG_ANALYZER_NONNULL = YES;
				CLANG_CXX_LANGUAGE_STANDARD = "gnu++0x";
				CLANG_CXX_LIBRARY = "libc++";
				CLANG_ENABLE_MODULES = YES;
				CLANG_ENABLE_OBJC_ARC = YES;
				CLANG_WARN_BOOL_CONVERSION = YES;
				CLANG_WARN_CONSTANT_CONVERSION = YES;
				CLANG_WARN_DIRECT_OBJC_ISA_USAGE = YES_ERROR;
				CLANG_WARN_EMPTY_BODY = YES;
				CLANG_WARN_ENUM_CONVERSION = YES;
				CLANG_WARN_INT_CONVERSION = YES;
				CLANG_WARN_OBJC_ROOT_CLASS = YES_ERROR;
				CLANG_WARN_UNREACHABLE_CODE = YES;
				CLANG_WARN__DUPLICATE_METHOD_MATCH = YES;
				"CODE_SIGN_IDENTITY[sdk=iphoneos*]" = "iPhone Developer";
				COPY_PHASE_STRIP = NO;
				DEBUG_INFORMATION_FORMAT = "dwarf-with-dsym";
				ENABLE_NS_ASSERTIONS = NO;
				ENABLE_STRICT_OBJC_MSGSEND = YES;
				GCC_C_LANGUAGE_STANDARD = gnu99;
				GCC_NO_COMMON_BLOCKS = YES;
				GCC_WARN_64_TO_32_BIT_CONVERSION = YES;
				GCC_WARN_ABOUT_RETURN_TYPE = YES_ERROR;
				GCC_WARN_UNDECLARED_SELECTOR = YES;
				GCC_WARN_UNINITIALIZED_AUTOS = YES_AGGRESSIVE;
				GCC_WARN_UNUSED_FUNCTION = YES;
				GCC_WARN_UNUSED_VARIABLE = YES;
				IPHONEOS_DEPLOYMENT_TARGET = 9.3;
				MTL_ENABLE_DEBUG_INFO = NO;
				SDKROOT = iphoneos;
				VALIDATE_PRODUCT = YES;
			};
			name = Release;
		};
		2C16951E1D650FAA0005F8C9 /* Debug */ = {
			isa = XCBuildConfiguration;
			buildSettings = {
				ASSETCATALOG_COMPILER_APPICON_NAME = AppIcon;
				INFOPLIST_FILE = miniPizza/Info.plist;
				LD_RUNPATH_SEARCH_PATHS = "$(inherited) @executable_path/Frameworks";
				PRODUCT_BUNDLE_IDENTIFIER = com.zarcodev.miniPizza;
				PRODUCT_NAME = "$(TARGET_NAME)";
			};
			name = Debug;
		};
		2C16951F1D650FAA0005F8C9 /* Release */ = {
			isa = XCBuildConfiguration;
			buildSettings = {
				ASSETCATALOG_COMPILER_APPICON_NAME = AppIcon;
				INFOPLIST_FILE = miniPizza/Info.plist;
				LD_RUNPATH_SEARCH_PATHS = "$(inherited) @executable_path/Frameworks";
				PRODUCT_BUNDLE_IDENTIFIER = com.zarcodev.miniPizza;
				PRODUCT_NAME = "$(TARGET_NAME)";
			};
			name = Release;
		};
		2C1695211D650FAA0005F8C9 /* Debug */ = {
			isa = XCBuildConfiguration;
			buildSettings = {
				BUNDLE_LOADER = "$(TEST_HOST)";
				INFOPLIST_FILE = miniPizzaTests/Info.plist;
				LD_RUNPATH_SEARCH_PATHS = "$(inherited) @executable_path/Frameworks @loader_path/Frameworks";
				PRODUCT_BUNDLE_IDENTIFIER = com.zarcodev.miniPizzaTests;
				PRODUCT_NAME = "$(TARGET_NAME)";
				TEST_HOST = "$(BUILT_PRODUCTS_DIR)/miniPizza.app/miniPizza";
			};
			name = Debug;
		};
		2C1695221D650FAA0005F8C9 /* Release */ = {
			isa = XCBuildConfiguration;
			buildSettings = {
				BUNDLE_LOADER = "$(TEST_HOST)";
				INFOPLIST_FILE = miniPizzaTests/Info.plist;
				LD_RUNPATH_SEARCH_PATHS = "$(inherited) @executable_path/Frameworks @loader_path/Frameworks";
				PRODUCT_BUNDLE_IDENTIFIER = com.zarcodev.miniPizzaTests;
				PRODUCT_NAME = "$(TARGET_NAME)";
				TEST_HOST = "$(BUILT_PRODUCTS_DIR)/miniPizza.app/miniPizza";
			};
			name = Release;
		};
		2C1695241D650FAA0005F8C9 /* Debug */ = {
			isa = XCBuildConfiguration;
			buildSettings = {
				INFOPLIST_FILE = miniPizzaUITests/Info.plist;
				LD_RUNPATH_SEARCH_PATHS = "$(inherited) @executable_path/Frameworks @loader_path/Frameworks";
				PRODUCT_BUNDLE_IDENTIFIER = com.zarcodev.miniPizzaUITests;
				PRODUCT_NAME = "$(TARGET_NAME)";
				TEST_TARGET_NAME = miniPizza;
			};
			name = Debug;
		};
		2C1695251D650FAA0005F8C9 /* Release */ = {
			isa = XCBuildConfiguration;
			buildSettings = {
				INFOPLIST_FILE = miniPizzaUITests/Info.plist;
				LD_RUNPATH_SEARCH_PATHS = "$(inherited) @executable_path/Frameworks @loader_path/Frameworks";
				PRODUCT_BUNDLE_IDENTIFIER = com.zarcodev.miniPizzaUITests;
				PRODUCT_NAME = "$(TARGET_NAME)";
				TEST_TARGET_NAME = miniPizza;
			};
			name = Release;
		};
/* End XCBuildConfiguration section */

/* Begin XCConfigurationList section */
		2C1694F01D650FA90005F8C9 /* Build configuration list for PBXProject "miniPizza" */ = {
			isa = XCConfigurationList;
			buildConfigurations = (
				2C16951B1D650FAA0005F8C9 /* Debug */,
				2C16951C1D650FAA0005F8C9 /* Release */,
			);
			defaultConfigurationIsVisible = 0;
			defaultConfigurationName = Release;
		};
		2C16951D1D650FAA0005F8C9 /* Build configuration list for PBXNativeTarget "miniPizza" */ = {
			isa = XCConfigurationList;
			buildConfigurations = (
				2C16951E1D650FAA0005F8C9 /* Debug */,
				2C16951F1D650FAA0005F8C9 /* Release */,
			);
			defaultConfigurationIsVisible = 0;
		};
		2C1695201D650FAA0005F8C9 /* Build configuration list for PBXNativeTarget "miniPizzaTests" */ = {
			isa = XCConfigurationList;
			buildConfigurations = (
				2C1695211D650FAA0005F8C9 /* Debug */,
				2C1695221D650FAA0005F8C9 /* Release */,
			);
			defaultConfigurationIsVisible = 0;
		};
		2C1695231D650FAA0005F8C9 /* Build configuration list for PBXNativeTarget "miniPizzaUITests" */ = {
			isa = XCConfigurationList;
			buildConfigurations = (
				2C1695241D650FAA0005F8C9 /* Debug */,
				2C1695251D650FAA0005F8C9 /* Release */,
			);
			defaultConfigurationIsVisible = 0;
		};
/* End XCConfigurationList section */
	};
	rootObject = 2C1694ED1D650FA90005F8C9 /* Project object */;
}
